{
  "name": "evomap",
  "lockfileVersion": 3,
  "requires": true,
  "packages": {
    "": {
      "dependencies": {
        "evolver": "github:autogame-17/evolver"
      }
    },
    "node_modules/dotenv": {
      "version": "16.6.1",
      "resolved": "https://registry.npmjs.org/dotenv/-/dotenv-16.6.1.tgz",
      "integrity": "sha512-uBq4egWHTcTt33a72vpSG0z3HnPuIl6NqYcTrKEg2azoEyl2hpW0zqlxysq2pK9HlDIHyHyakeYaYnSAwd8bow==",
      "license": "BSD-2-Clause",
      "engines": {
        "node": ">=12"
      },
      "funding": {
        "url": "https://dotenvx.com"
      }
    },
    "node_modules/evolver": {
      "version": "1.20.4",
      "resolved": "git+ssh://git@github.com/autogame-17/evolver.git#1b46e8dc53db63cda79d4f063f058538ede2fe84",
      "license": "MIT",
      "dependencies": {
        "dotenv": "^16.4.7"
      }
    }
  }
}
